// !$*UTF8*$!
{
	archiveVersion = 1;
	classes = {
	};
	objectVersion = 56;
	objects = {

/* Begin PBXBuildFile section */
		9937B6842CBD0E7200D665FD /* App939App.swift in Sources */ = {isa = PBXBuildFile; fileRef = 9937B6832CBD0E7200D665FD /* App939App.swift */; };
		9937B6862CBD0E7200D665FD /* ContentView.swift in Sources */ = {isa = PBXBuildFile; fileRef = 9937B6852CBD0E7200D665FD /* ContentView.swift */; };
		9937B6882CBD0E7500D665FD /* Assets.xcassets in Resources */ = {isa = PBXBuildFile; fileRef = 9937B6872CBD0E7500D665FD /* Assets.xcassets */; };
		9937B68B2CBD0E7500D665FD /* Preview Assets.xcassets in Resources */ = {isa = PBXBuildFile; fileRef = 9937B68A2CBD0E7500D665FD /* Preview Assets.xcassets */; };
		9937B6922CBD11E900D665FD /* Splash.swift in Sources */ = {isa = PBXBuildFile; fileRef = 9937B6912CBD11E900D665FD /* Splash.swift */; };
		9937B6942CBD120500D665FD /* Contr.swift in Sources */ = {isa = PBXBuildFile; fileRef = 9937B6932CBD120500D665FD /* Contr.swift */; };
		9937B6962CBD131600D665FD /* VMF.swift in Sources */ = {isa = PBXBuildFile; fileRef = 9937B6952CBD131600D665FD /* VMF.swift */; };
		9937B6992CBD226300D665FD /* Home.swift in Sources */ = {isa = PBXBuildFile; fileRef = 9937B6982CBD226300D665FD /* Home.swift */; };
		9937B69B2CBD24C800D665FD /* Helpers.swift in Sources */ = {isa = PBXBuildFile; fileRef = 9937B69A2CBD24C800D665FD /* Helpers.swift */; };
		9937B69E2CBD2C9F00D665FD /* HomeViewModel.swift in Sources */ = {isa = PBXBuildFile; fileRef = 9937B69D2CBD2C9F00D665FD /* HomeViewModel.swift */; };
		9937B6A12CBD2E7F00D665FD /* ImageView.swift in Sources */ = {isa = PBXBuildFile; fileRef = 9937B6A02CBD2E7F00D665FD /* ImageView.swift */; };
		9937B6A32CBD32CE00D665FD /* AddTextField.swift in Sources */ = {isa = PBXBuildFile; fileRef = 9937B6A22CBD32CE00D665FD /* AddTextField.swift */; };
		9937B6A62CBD3E2B00D665FD /* BasicInfo.swift in Sources */ = {isa = PBXBuildFile; fileRef = 9937B6A52CBD3E2B00D665FD /* BasicInfo.swift */; };
		9937B6AA2CBD3E5E00D665FD /* DataM.xcdatamodeld in Sources */ = {isa = PBXBuildFile; fileRef = 9937B6A82CBD3E5E00D665FD /* DataM.xcdatamodeld */; };
		9937B6AE2CBD3EA500D665FD /* BasicInfo+CoreDataClass.swift in Sources */ = {isa = PBXBuildFile; fileRef = 9937B6AC2CBD3EA500D665FD /* BasicInfo+CoreDataClass.swift */; };
		9937B6AF2CBD3EA500D665FD /* BasicInfo+CoreDataProperties.swift in Sources */ = {isa = PBXBuildFile; fileRef = 9937B6AD2CBD3EA500D665FD /* BasicInfo+CoreDataProperties.swift */; };
		9937B6B12CBD45AA00D665FD /* CDS.swift in Sources */ = {isa = PBXBuildFile; fileRef = 9937B6B02CBD45AA00D665FD /* CDS.swift */; };
		9937B6B32CBD45B600D665FD /* LS.swift in Sources */ = {isa = PBXBuildFile; fileRef = 9937B6B22CBD45B600D665FD /* LS.swift */; };
		9937B6B52CBD5DEF00D665FD /* Pony.swift in Sources */ = {isa = PBXBuildFile; fileRef = 9937B6B42CBD5DEF00D665FD /* Pony.swift */; };
		9937B6B82CBD5F9100D665FD /* PonyCD+CoreDataClass.swift in Sources */ = {isa = PBXBuildFile; fileRef = 9937B6B62CBD5F9100D665FD /* PonyCD+CoreDataClass.swift */; };
		9937B6B92CBD5F9100D665FD /* PonyCD+CoreDataProperties.swift in Sources */ = {isa = PBXBuildFile; fileRef = 9937B6B72CBD5F9100D665FD /* PonyCD+CoreDataProperties.swift */; };
		9937B6BB2CBD69C500D665FD /* Tab.swift in Sources */ = {isa = PBXBuildFile; fileRef = 9937B6BA2CBD69C500D665FD /* Tab.swift */; };
		9937B6BD2CBD956200D665FD /* EnvironmentKeys.swift in Sources */ = {isa = PBXBuildFile; fileRef = 9937B6BC2CBD956200D665FD /* EnvironmentKeys.swift */; };
		9937B6C02CBE3CE500D665FD /* AddKartView.swift in Sources */ = {isa = PBXBuildFile; fileRef = 9937B6BF2CBE3CE500D665FD /* AddKartView.swift */; };
		9937B6C22CBE3CF900D665FD /* AddKartViewModel.swift in Sources */ = {isa = PBXBuildFile; fileRef = 9937B6C12CBE3CF900D665FD /* AddKartViewModel.swift */; };
		9937B6C52CBE41D900D665FD /* AddPonyView.swift in Sources */ = {isa = PBXBuildFile; fileRef = 9937B6C42CBE41D900D665FD /* AddPonyView.swift */; };
		9937B6C82CBE458E00D665FD /* EmptyPhotoView.swift in Sources */ = {isa = PBXBuildFile; fileRef = 9937B6C72CBE458E00D665FD /* EmptyPhotoView.swift */; };
		9937B6CA2CBE45E100D665FD /* KartInfoView.swift in Sources */ = {isa = PBXBuildFile; fileRef = 9937B6C92CBE45E100D665FD /* KartInfoView.swift */; };
		9937B6CC2CBE47E900D665FD /* EditPonyView.swift in Sources */ = {isa = PBXBuildFile; fileRef = 9937B6CB2CBE47E900D665FD /* EditPonyView.swift */; };
		9937B6CE2CBE563100D665FD /* PonyDetailView.swift in Sources */ = {isa = PBXBuildFile; fileRef = 9937B6CD2CBE563100D665FD /* PonyDetailView.swift */; };
		9937B6D12CBFBB6600D665FD /* ArticlesView.swift in Sources */ = {isa = PBXBuildFile; fileRef = 9937B6D02CBFBB6600D665FD /* ArticlesView.swift */; };
		9937B6D32CBFBB7500D665FD /* ArticlesViewModel.swift in Sources */ = {isa = PBXBuildFile; fileRef = 9937B6D22CBFBB7500D665FD /* ArticlesViewModel.swift */; };
		9937B6D52CBFBF8600D665FD /* Article.swift in Sources */ = {isa = PBXBuildFile; fileRef = 9937B6D42CBFBF8600D665FD /* Article.swift */; };
		9937B6D72CBFCCE000D665FD /* UsefulDetail.swift in Sources */ = {isa = PBXBuildFile; fileRef = 9937B6D62CBFCCE000D665FD /* UsefulDetail.swift */; };
		9937B6DA2CBFDC6100D665FD /* AddArticleViewModel.swift in Sources */ = {isa = PBXBuildFile; fileRef = 9937B6D92CBFDC6100D665FD /* AddArticleViewModel.swift */; };
		9937B6DC2CBFDC8E00D665FD /* AddArticleView.swift in Sources */ = {isa = PBXBuildFile; fileRef = 9937B6DB2CBFDC8E00D665FD /* AddArticleView.swift */; };
		9937B6DE2CC0EED800D665FD /* ArticleDetail.swift in Sources */ = {isa = PBXBuildFile; fileRef = 9937B6DD2CC0EED800D665FD /* ArticleDetail.swift */; };
		9937B6E12CC0F14000D665FD /* ArticleCD+CoreDataClass.swift in Sources */ = {isa = PBXBuildFile; fileRef = 9937B6DF2CC0F14000D665FD /* ArticleCD+CoreDataClass.swift */; };
		9937B6E22CC0F14000D665FD /* ArticleCD+CoreDataProperties.swift in Sources */ = {isa = PBXBuildFile; fileRef = 9937B6E02CC0F14000D665FD /* ArticleCD+CoreDataProperties.swift */; };
		9937B6E52CC0FAF700D665FD /* TrainingView.swift in Sources */ = {isa = PBXBuildFile; fileRef = 9937B6E42CC0FAF700D665FD /* TrainingView.swift */; };
		9937B6E82CC0FDE100D665FD /* Training.swift in Sources */ = {isa = PBXBuildFile; fileRef = 9937B6E72CC0FDE100D665FD /* Training.swift */; };
		99F1A0242CC5EA7100F6036B /* WeekTrainingView.swift in Sources */ = {isa = PBXBuildFile; fileRef = 99F1A0232CC5EA7100F6036B /* WeekTrainingView.swift */; };
		99F1A0262CC5EA8900F6036B /* WeekTrainingViewModel.swift in Sources */ = {isa = PBXBuildFile; fileRef = 99F1A0252CC5EA8900F6036B /* WeekTrainingViewModel.swift */; };
		99F1A0282CC6179600F6036B /* SettingsView.swift in Sources */ = {isa = PBXBuildFile; fileRef = 99F1A0272CC6179600F6036B /* SettingsView.swift */; };
		99F1A02D2CC618DA00F6036B /* DailyTrainingTime+CoreDataClass.swift in Sources */ = {isa = PBXBuildFile; fileRef = 99F1A0292CC618DA00F6036B /* DailyTrainingTime+CoreDataClass.swift */; };
		99F1A02E2CC618DA00F6036B /* DailyTrainingTime+CoreDataProperties.swift in Sources */ = {isa = PBXBuildFile; fileRef = 99F1A02A2CC618DA00F6036B /* DailyTrainingTime+CoreDataProperties.swift */; };
		99F1A02F2CC618DA00F6036B /* ProfilePic+CoreDataClass.swift in Sources */ = {isa = PBXBuildFile; fileRef = 99F1A02B2CC618DA00F6036B /* ProfilePic+CoreDataClass.swift */; };
		99F1A0302CC618DA00F6036B /* ProfilePic+CoreDataProperties.swift in Sources */ = {isa = PBXBuildFile; fileRef = 99F1A02C2CC618DA00F6036B /* ProfilePic+CoreDataProperties.swift */; };
		99F1A0322CC61A9200F6036B /* ProfilePictureView.swift in Sources */ = {isa = PBXBuildFile; fileRef = 99F1A0312CC61A9200F6036B /* ProfilePictureView.swift */; };
		99F1A0342CC6217000F6036B /* AlertTF.swift in Sources */ = {isa = PBXBuildFile; fileRef = 99F1A0332CC6217000F6036B /* AlertTF.swift */; };
		99F1A0362CC6235900F6036B /* CutsomAlert.swift in Sources */ = {isa = PBXBuildFile; fileRef = 99F1A0352CC6235900F6036B /* CutsomAlert.swift */; };
		99F1A0392CC6292F00F6036B /* TrainingCD+CoreDataClass.swift in Sources */ = {isa = PBXBuildFile; fileRef = 99F1A0372CC6292F00F6036B /* TrainingCD+CoreDataClass.swift */; };
		99F1A03A2CC6292F00F6036B /* TrainingCD+CoreDataProperties.swift in Sources */ = {isa = PBXBuildFile; fileRef = 99F1A0382CC6292F00F6036B /* TrainingCD+CoreDataProperties.swift */; };
		99F1A03D2CC62F6000F6036B /* TrainingID+CoreDataClass.swift in Sources */ = {isa = PBXBuildFile; fileRef = 99F1A03B2CC62F6000F6036B /* TrainingID+CoreDataClass.swift */; };
		99F1A03E2CC62F6000F6036B /* TrainingID+CoreDataProperties.swift in Sources */ = {isa = PBXBuildFile; fileRef = 99F1A03C2CC62F6000F6036B /* TrainingID+CoreDataProperties.swift */; };
		99F1A0402CC6516800F6036B /* alarmSound.mp3 in Resources */ = {isa = PBXBuildFile; fileRef = 99F1A03F2CC6516800F6036B /* alarmSound.mp3 */; };
		99F1A0A72CCA49D000F6036B /* PonyCard.swift in Sources */ = {isa = PBXBuildFile; fileRef = 99F1A0A62CCA49D000F6036B /* PonyCard.swift */; };
		99F1A0AC2CCA4FD700F6036B /* NewPonyName+CoreDataClass.swift in Sources */ = {isa = PBXBuildFile; fileRef = 99F1A0A82CCA4FD700F6036B /* NewPonyName+CoreDataClass.swift */; };
		99F1A0AD2CCA4FD700F6036B /* NewPonyName+CoreDataProperties.swift in Sources */ = {isa = PBXBuildFile; fileRef = 99F1A0A92CCA4FD700F6036B /* NewPonyName+CoreDataProperties.swift */; };
		99F1A0AE2CCA4FD700F6036B /* DailyTimeShow+CoreDataClass.swift in Sources */ = {isa = PBXBuildFile; fileRef = 99F1A0AA2CCA4FD700F6036B /* DailyTimeShow+CoreDataClass.swift */; };
		99F1A0AF2CCA4FD700F6036B /* DailyTimeShow+CoreDataProperties.swift in Sources */ = {isa = PBXBuildFile; fileRef = 99F1A0AB2CCA4FD700F6036B /* DailyTimeShow+CoreDataProperties.swift */; };
/* End PBXBuildFile section */

/* Begin PBXFileReference section */
		9937B6802CBD0E7200D665FD /* App939.app */ = {isa = PBXFileReference; explicitFileType = wrapper.application; includeInIndex = 0; path = App939.app; sourceTree = BUILT_PRODUCTS_DIR; };
		9937B6832CBD0E7200D665FD /* App939App.swift */ = {isa = PBXFileReference; lastKnownFileType = sourcecode.swift; path = App939App.swift; sourceTree = "<group>"; };
		9937B6852CBD0E7200D665FD /* ContentView.swift */ = {isa = PBXFileReference; lastKnownFileType = sourcecode.swift; path = ContentView.swift; sourceTree = "<group>"; };
		9937B6872CBD0E7500D665FD /* Assets.xcassets */ = {isa = PBXFileReference; lastKnownFileType = folder.assetcatalog; path = Assets.xcassets; sourceTree = "<group>"; };
		9937B68A2CBD0E7500D665FD /* Preview Assets.xcassets */ = {isa = PBXFileReference; lastKnownFileType = folder.assetcatalog; path = "Preview Assets.xcassets"; sourceTree = "<group>"; };
		9937B6912CBD11E900D665FD /* Splash.swift */ = {isa = PBXFileReference; lastKnownFileType = sourcecode.swift; path = Splash.swift; sourceTree = "<group>"; };
		9937B6932CBD120500D665FD /* Contr.swift */ = {isa = PBXFileReference; lastKnownFileType = sourcecode.swift; path = Contr.swift; sourceTree = "<group>"; };
		9937B6952CBD131600D665FD /* VMF.swift */ = {isa = PBXFileReference; lastKnownFileType = sourcecode.swift; path = VMF.swift; sourceTree = "<group>"; };
		9937B6982CBD226300D665FD /* Home.swift */ = {isa = PBXFileReference; lastKnownFileType = sourcecode.swift; path = Home.swift; sourceTree = "<group>"; };
		9937B69A2CBD24C800D665FD /* Helpers.swift */ = {isa = PBXFileReference; lastKnownFileType = sourcecode.swift; path = Helpers.swift; sourceTree = "<group>"; };
		9937B69D2CBD2C9F00D665FD /* HomeViewModel.swift */ = {isa = PBXFileReference; lastKnownFileType = sourcecode.swift; path = HomeViewModel.swift; sourceTree = "<group>"; };
		9937B6A02CBD2E7F00D665FD /* ImageView.swift */ = {isa = PBXFileReference; lastKnownFileType = sourcecode.swift; path = ImageView.swift; sourceTree = "<group>"; };
		9937B6A22CBD32CE00D665FD /* AddTextField.swift */ = {isa = PBXFileReference; lastKnownFileType = sourcecode.swift; path = AddTextField.swift; sourceTree = "<group>"; };
		9937B6A52CBD3E2B00D665FD /* BasicInfo.swift */ = {isa = PBXFileReference; lastKnownFileType = sourcecode.swift; path = BasicInfo.swift; sourceTree = "<group>"; };
		9937B6A92CBD3E5E00D665FD /* DataM.xcdatamodel */ = {isa = PBXFileReference; lastKnownFileType = wrapper.xcdatamodel; path = DataM.xcdatamodel; sourceTree = "<group>"; };
		9937B6AC2CBD3EA500D665FD /* BasicInfo+CoreDataClass.swift */ = {isa = PBXFileReference; lastKnownFileType = sourcecode.swift; path = "BasicInfo+CoreDataClass.swift"; sourceTree = "<group>"; };
		9937B6AD2CBD3EA500D665FD /* BasicInfo+CoreDataProperties.swift */ = {isa = PBXFileReference; lastKnownFileType = sourcecode.swift; path = "BasicInfo+CoreDataProperties.swift"; sourceTree = "<group>"; };
		9937B6B02CBD45AA00D665FD /* CDS.swift */ = {isa = PBXFileReference; lastKnownFileType = sourcecode.swift; path = CDS.swift; sourceTree = "<group>"; };
		9937B6B22CBD45B600D665FD /* LS.swift */ = {isa = PBXFileReference; lastKnownFileType = sourcecode.swift; path = LS.swift; sourceTree = "<group>"; };
		9937B6B42CBD5DEF00D665FD /* Pony.swift */ = {isa = PBXFileReference; lastKnownFileType = sourcecode.swift; path = Pony.swift; sourceTree = "<group>"; };
		9937B6B62CBD5F9100D665FD /* PonyCD+CoreDataClass.swift */ = {isa = PBXFileReference; lastKnownFileType = sourcecode.swift; path = "PonyCD+CoreDataClass.swift"; sourceTree = "<group>"; };
		9937B6B72CBD5F9100D665FD /* PonyCD+CoreDataProperties.swift */ = {isa = PBXFileReference; lastKnownFileType = sourcecode.swift; path = "PonyCD+CoreDataProperties.swift"; sourceTree = "<group>"; };
		9937B6BA2CBD69C500D665FD /* Tab.swift */ = {isa = PBXFileReference; lastKnownFileType = sourcecode.swift; path = Tab.swift; sourceTree = "<group>"; };
		9937B6BC2CBD956200D665FD /* EnvironmentKeys.swift */ = {isa = PBXFileReference; lastKnownFileType = sourcecode.swift; path = EnvironmentKeys.swift; sourceTree = "<group>"; };
		9937B6BF2CBE3CE500D665FD /* AddKartView.swift */ = {isa = PBXFileReference; lastKnownFileType = sourcecode.swift; path = AddKartView.swift; sourceTree = "<group>"; };
		9937B6C12CBE3CF900D665FD /* AddKartViewModel.swift */ = {isa = PBXFileReference; lastKnownFileType = sourcecode.swift; path = AddKartViewModel.swift; sourceTree = "<group>"; };
		9937B6C42CBE41D900D665FD /* AddPonyView.swift */ = {isa = PBXFileReference; lastKnownFileType = sourcecode.swift; path = AddPonyView.swift; sourceTree = "<group>"; };
		9937B6C72CBE458E00D665FD /* EmptyPhotoView.swift */ = {isa = PBXFileReference; lastKnownFileType = sourcecode.swift; path = EmptyPhotoView.swift; sourceTree = "<group>"; };
		9937B6C92CBE45E100D665FD /* KartInfoView.swift */ = {isa = PBXFileReference; lastKnownFileType = sourcecode.swift; path = KartInfoView.swift; sourceTree = "<group>"; };
		9937B6CB2CBE47E900D665FD /* EditPonyView.swift */ = {isa = PBXFileReference; lastKnownFileType = sourcecode.swift; path = EditPonyView.swift; sourceTree = "<group>"; };
		9937B6CD2CBE563100D665FD /* PonyDetailView.swift */ = {isa = PBXFileReference; lastKnownFileType = sourcecode.swift; path = PonyDetailView.swift; sourceTree = "<group>"; };
		9937B6D02CBFBB6600D665FD /* ArticlesView.swift */ = {isa = PBXFileReference; lastKnownFileType = sourcecode.swift; path = ArticlesView.swift; sourceTree = "<group>"; };
		9937B6D22CBFBB7500D665FD /* ArticlesViewModel.swift */ = {isa = PBXFileReference; lastKnownFileType = sourcecode.swift; path = ArticlesViewModel.swift; sourceTree = "<group>"; };
		9937B6D42CBFBF8600D665FD /* Article.swift */ = {isa = PBXFileReference; lastKnownFileType = sourcecode.swift; path = Article.swift; sourceTree = "<group>"; };
		9937B6D62CBFCCE000D665FD /* UsefulDetail.swift */ = {isa = PBXFileReference; lastKnownFileType = sourcecode.swift; path = UsefulDetail.swift; sourceTree = "<group>"; };
		9937B6D92CBFDC6100D665FD /* AddArticleViewModel.swift */ = {isa = PBXFileReference; lastKnownFileType = sourcecode.swift; path = AddArticleViewModel.swift; sourceTree = "<group>"; };
		9937B6DB2CBFDC8E00D665FD /* AddArticleView.swift */ = {isa = PBXFileReference; lastKnownFileType = sourcecode.swift; path = AddArticleView.swift; sourceTree = "<group>"; };
		9937B6DD2CC0EED800D665FD /* ArticleDetail.swift */ = {isa = PBXFileReference; lastKnownFileType = sourcecode.swift; path = ArticleDetail.swift; sourceTree = "<group>"; };
		9937B6DF2CC0F14000D665FD /* ArticleCD+CoreDataClass.swift */ = {isa = PBXFileReference; lastKnownFileType = sourcecode.swift; path = "ArticleCD+CoreDataClass.swift"; sourceTree = "<group>"; };
		9937B6E02CC0F14000D665FD /* ArticleCD+CoreDataProperties.swift */ = {isa = PBXFileReference; lastKnownFileType = sourcecode.swift; path = "ArticleCD+CoreDataProperties.swift"; sourceTree = "<group>"; };
		9937B6E42CC0FAF700D665FD /* TrainingView.swift */ = {isa = PBXFileReference; lastKnownFileType = sourcecode.swift; path = TrainingView.swift; sourceTree = "<group>"; };
		9937B6E72CC0FDE100D665FD /* Training.swift */ = {isa = PBXFileReference; lastKnownFileType = sourcecode.swift; path = Training.swift; sourceTree = "<group>"; };
		99F1A0232CC5EA7100F6036B /* WeekTrainingView.swift */ = {isa = PBXFileReference; lastKnownFileType = sourcecode.swift; path = WeekTrainingView.swift; sourceTree = "<group>"; };
		99F1A0252CC5EA8900F6036B /* WeekTrainingViewModel.swift */ = {isa = PBXFileReference; lastKnownFileType = sourcecode.swift; path = WeekTrainingViewModel.swift; sourceTree = "<group>"; };
		99F1A0272CC6179600F6036B /* SettingsView.swift */ = {isa = PBXFileReference; lastKnownFileType = sourcecode.swift; path = SettingsView.swift; sourceTree = "<group>"; };
		99F1A0292CC618DA00F6036B /* DailyTrainingTime+CoreDataClass.swift */ = {isa = PBXFileReference; lastKnownFileType = sourcecode.swift; path = "DailyTrainingTime+CoreDataClass.swift"; sourceTree = "<group>"; };
		99F1A02A2CC618DA00F6036B /* DailyTrainingTime+CoreDataProperties.swift */ = {isa = PBXFileReference; lastKnownFileType = sourcecode.swift; path = "DailyTrainingTime+CoreDataProperties.swift"; sourceTree = "<group>"; };
		99F1A02B2CC618DA00F6036B /* ProfilePic+CoreDataClass.swift */ = {isa = PBXFileReference; lastKnownFileType = sourcecode.swift; path = "ProfilePic+CoreDataClass.swift"; sourceTree = "<group>"; };
		99F1A02C2CC618DA00F6036B /* ProfilePic+CoreDataProperties.swift */ = {isa = PBXFileReference; lastKnownFileType = sourcecode.swift; path = "ProfilePic+CoreDataProperties.swift"; sourceTree = "<group>"; };
		99F1A0312CC61A9200F6036B /* ProfilePictureView.swift */ = {isa = PBXFileReference; lastKnownFileType = sourcecode.swift; path = ProfilePictureView.swift; sourceTree = "<group>"; };
		99F1A0332CC6217000F6036B /* AlertTF.swift */ = {isa = PBXFileReference; lastKnownFileType = sourcecode.swift; path = AlertTF.swift; sourceTree = "<group>"; };
		99F1A0352CC6235900F6036B /* CutsomAlert.swift */ = {isa = PBXFileReference; lastKnownFileType = sourcecode.swift; path = CutsomAlert.swift; sourceTree = "<group>"; };
		99F1A0372CC6292F00F6036B /* TrainingCD+CoreDataClass.swift */ = {isa = PBXFileReference; lastKnownFileType = sourcecode.swift; path = "TrainingCD+CoreDataClass.swift"; sourceTree = "<group>"; };
		99F1A0382CC6292F00F6036B /* TrainingCD+CoreDataProperties.swift */ = {isa = PBXFileReference; lastKnownFileType = sourcecode.swift; path = "TrainingCD+CoreDataProperties.swift"; sourceTree = "<group>"; };
		99F1A03B2CC62F6000F6036B /* TrainingID+CoreDataClass.swift */ = {isa = PBXFileReference; lastKnownFileType = sourcecode.swift; path = "TrainingID+CoreDataClass.swift"; sourceTree = "<group>"; };
		99F1A03C2CC62F6000F6036B /* TrainingID+CoreDataProperties.swift */ = {isa = PBXFileReference; lastKnownFileType = sourcecode.swift; path = "TrainingID+CoreDataProperties.swift"; sourceTree = "<group>"; };
		99F1A03F2CC6516800F6036B /* alarmSound.mp3 */ = {isa = PBXFileReference; lastKnownFileType = audio.mp3; path = alarmSound.mp3; sourceTree = "<group>"; };
		99F1A0A62CCA49D000F6036B /* PonyCard.swift */ = {isa = PBXFileReference; lastKnownFileType = sourcecode.swift; path = PonyCard.swift; sourceTree = "<group>"; };
		99F1A0A82CCA4FD700F6036B /* NewPonyName+CoreDataClass.swift */ = {isa = PBXFileReference; lastKnownFileType = sourcecode.swift; path = "NewPonyName+CoreDataClass.swift"; sourceTree = "<group>"; };
		99F1A0A92CCA4FD700F6036B /* NewPonyName+CoreDataProperties.swift */ = {isa = PBXFileReference; lastKnownFileType = sourcecode.swift; path = "NewPonyName+CoreDataProperties.swift"; sourceTree = "<group>"; };
		99F1A0AA2CCA4FD700F6036B /* DailyTimeShow+CoreDataClass.swift */ = {isa = PBXFileReference; lastKnownFileType = sourcecode.swift; path = "DailyTimeShow+CoreDataClass.swift"; sourceTree = "<group>"; };
		99F1A0AB2CCA4FD700F6036B /* DailyTimeShow+CoreDataProperties.swift */ = {isa = PBXFileReference; lastKnownFileType = sourcecode.swift; path = "DailyTimeShow+CoreDataProperties.swift"; sourceTree = "<group>"; };
/* End PBXFileReference section */

/* Begin PBXFrameworksBuildPhase section */
		9937B67D2CBD0E7200D665FD /* Frameworks */ = {
			isa = PBXFrameworksBuildPhase;
			buildActionMask = 2147483647;
			files = (
			);
			runOnlyForDeploymentPostprocessing = 0;
		};
/* End PBXFrameworksBuildPhase section */

/* Begin PBXGroup section */
		9937B6772CBD0E7200D665FD = {
			isa = PBXGroup;
			children = (
				9937B6822CBD0E7200D665FD /* App939 */,
				9937B6812CBD0E7200D665FD /* Products */,
			);
			sourceTree = "<group>";
		};
		9937B6812CBD0E7200D665FD /* Products */ = {
			isa = PBXGroup;
			children = (
				9937B6802CBD0E7200D665FD /* App939.app */,
			);
			name = Products;
			sourceTree = "<group>";
		};
		9937B6822CBD0E7200D665FD /* App939 */ = {
			isa = PBXGroup;
			children = (
				99F1A03F2CC6516800F6036B /* alarmSound.mp3 */,
				9937B6A72CBD3E5000D665FD /* LS */,
				9937B6A42CBD3E1D00D665FD /* Model */,
				9937B6972CBD225500D665FD /* Views */,
				9937B6832CBD0E7200D665FD /* App939App.swift */,
				9937B6852CBD0E7200D665FD /* ContentView.swift */,
				9937B6872CBD0E7500D665FD /* Assets.xcassets */,
				9937B6892CBD0E7500D665FD /* Preview Content */,
				9937B6912CBD11E900D665FD /* Splash.swift */,
				9937B6932CBD120500D665FD /* Contr.swift */,
				9937B6952CBD131600D665FD /* VMF.swift */,
				9937B69A2CBD24C800D665FD /* Helpers.swift */,
			);
			path = App939;
			sourceTree = "<group>";
		};
		9937B6892CBD0E7500D665FD /* Preview Content */ = {
			isa = PBXGroup;
			children = (
				9937B68A2CBD0E7500D665FD /* Preview Assets.xcassets */,
			);
			path = "Preview Content";
			sourceTree = "<group>";
		};
		9937B6972CBD225500D665FD /* Views */ = {
			isa = PBXGroup;
			children = (
				9937B6E62CC0FB0300D665FD /* Settings */,
				9937B6E32CC0F76E00D665FD /* Training */,
				9937B6CF2CBFBB5500D665FD /* ArticlesView */,
				9937B69F2CBD2E7400D665FD /* Components */,
				9937B69C2CBD2C9300D665FD /* Home */,
				9937B6BA2CBD69C500D665FD /* Tab.swift */,
			);
			path = Views;
			sourceTree = "<group>";
		};
		9937B69C2CBD2C9300D665FD /* Home */ = {
			isa = PBXGroup;
			children = (
				9937B6C62CBE457600D665FD /* EmptyPhotoView */,
				9937B6C32CBE41C400D665FD /* AddPonyView */,
				9937B6BE2CBE3CCB00D665FD /* AddKart */,
				9937B6982CBD226300D665FD /* Home.swift */,
				9937B69D2CBD2C9F00D665FD /* HomeViewModel.swift */,
				9937B6C92CBE45E100D665FD /* KartInfoView.swift */,
				9937B6CB2CBE47E900D665FD /* EditPonyView.swift */,
				9937B6CD2CBE563100D665FD /* PonyDetailView.swift */,
			);
			path = Home;
			sourceTree = "<group>";
		};
		9937B69F2CBD2E7400D665FD /* Components */ = {
			isa = PBXGroup;
			children = (
				9937B6A02CBD2E7F00D665FD /* ImageView.swift */,
				9937B6A22CBD32CE00D665FD /* AddTextField.swift */,
				9937B6BC2CBD956200D665FD /* EnvironmentKeys.swift */,
				99F1A0312CC61A9200F6036B /* ProfilePictureView.swift */,
				99F1A0A62CCA49D000F6036B /* PonyCard.swift */,
			);
			path = Components;
			sourceTree = "<group>";
		};
		9937B6A42CBD3E1D00D665FD /* Model */ = {
			isa = PBXGroup;
			children = (
				9937B6A52CBD3E2B00D665FD /* BasicInfo.swift */,
				9937B6B42CBD5DEF00D665FD /* Pony.swift */,
				9937B6D42CBFBF8600D665FD /* Article.swift */,
				9937B6E72CC0FDE100D665FD /* Training.swift */,
			);
			path = Model;
			sourceTree = "<group>";
		};
		9937B6A72CBD3E5000D665FD /* LS */ = {
			isa = PBXGroup;
			children = (
				9937B6AB2CBD3E9900D665FD /* Sub */,
				9937B6A82CBD3E5E00D665FD /* DataM.xcdatamodeld */,
				9937B6B02CBD45AA00D665FD /* CDS.swift */,
				9937B6B22CBD45B600D665FD /* LS.swift */,
			);
			path = LS;
			sourceTree = "<group>";
		};
		9937B6AB2CBD3E9900D665FD /* Sub */ = {
			isa = PBXGroup;
			children = (
				99F1A0A82CCA4FD700F6036B /* NewPonyName+CoreDataClass.swift */,
				99F1A0A92CCA4FD700F6036B /* NewPonyName+CoreDataProperties.swift */,
				99F1A0AA2CCA4FD700F6036B /* DailyTimeShow+CoreDataClass.swift */,
				99F1A0AB2CCA4FD700F6036B /* DailyTimeShow+CoreDataProperties.swift */,
				99F1A03B2CC62F6000F6036B /* TrainingID+CoreDataClass.swift */,
				99F1A03C2CC62F6000F6036B /* TrainingID+CoreDataProperties.swift */,
				99F1A0372CC6292F00F6036B /* TrainingCD+CoreDataClass.swift */,
				99F1A0382CC6292F00F6036B /* TrainingCD+CoreDataProperties.swift */,
				99F1A0292CC618DA00F6036B /* DailyTrainingTime+CoreDataClass.swift */,
				99F1A02A2CC618DA00F6036B /* DailyTrainingTime+CoreDataProperties.swift */,
				99F1A02B2CC618DA00F6036B /* ProfilePic+CoreDataClass.swift */,
				99F1A02C2CC618DA00F6036B /* ProfilePic+CoreDataProperties.swift */,
				9937B6DF2CC0F14000D665FD /* ArticleCD+CoreDataClass.swift */,
				9937B6E02CC0F14000D665FD /* ArticleCD+CoreDataProperties.swift */,
				9937B6B62CBD5F9100D665FD /* PonyCD+CoreDataClass.swift */,
				9937B6B72CBD5F9100D665FD /* PonyCD+CoreDataProperties.swift */,
				9937B6AC2CBD3EA500D665FD /* BasicInfo+CoreDataClass.swift */,
				9937B6AD2CBD3EA500D665FD /* BasicInfo+CoreDataProperties.swift */,
			);
			path = Sub;
			sourceTree = "<group>";
		};
		9937B6BE2CBE3CCB00D665FD /* AddKart */ = {
			isa = PBXGroup;
			children = (
				9937B6BF2CBE3CE500D665FD /* AddKartView.swift */,
				9937B6C12CBE3CF900D665FD /* AddKartViewModel.swift */,
			);
			path = AddKart;
			sourceTree = "<group>";
		};
		9937B6C32CBE41C400D665FD /* AddPonyView */ = {
			isa = PBXGroup;
			children = (
				9937B6C42CBE41D900D665FD /* AddPonyView.swift */,
			);
			path = AddPonyView;
			sourceTree = "<group>";
		};
		9937B6C62CBE457600D665FD /* EmptyPhotoView */ = {
			isa = PBXGroup;
			children = (
				9937B6C72CBE458E00D665FD /* EmptyPhotoView.swift */,
			);
			path = EmptyPhotoView;
			sourceTree = "<group>";
		};
		9937B6CF2CBFBB5500D665FD /* ArticlesView */ = {
			isa = PBXGroup;
			children = (
				9937B6D82CBFDC5100D665FD /* AddArticle */,
				9937B6D02CBFBB6600D665FD /* ArticlesView.swift */,
				9937B6D22CBFBB7500D665FD /* ArticlesViewModel.swift */,
				9937B6D62CBFCCE000D665FD /* UsefulDetail.swift */,
				9937B6DD2CC0EED800D665FD /* ArticleDetail.swift */,
			);
			path = ArticlesView;
			sourceTree = "<group>";
		};
		9937B6D82CBFDC5100D665FD /* AddArticle */ = {
			isa = PBXGroup;
			children = (
				9937B6D92CBFDC6100D665FD /* AddArticleViewModel.swift */,
				9937B6DB2CBFDC8E00D665FD /* AddArticleView.swift */,
			);
			path = AddArticle;
			sourceTree = "<group>";
		};
		9937B6E32CC0F76E00D665FD /* Training */ = {
			isa = PBXGroup;
			children = (
				99F1A0222CC5EA5C00F6036B /* WeekTrainingView */,
				9937B6E42CC0FAF700D665FD /* TrainingView.swift */,
			);
			path = Training;
			sourceTree = "<group>";
		};
		9937B6E62CC0FB0300D665FD /* Settings */ = {
			isa = PBXGroup;
			children = (
				99F1A0272CC6179600F6036B /* SettingsView.swift */,
				99F1A0332CC6217000F6036B /* AlertTF.swift */,
				99F1A0352CC6235900F6036B /* CutsomAlert.swift */,
			);
			path = Settings;
			sourceTree = "<group>";
		};
		99F1A0222CC5EA5C00F6036B /* WeekTrainingView */ = {
			isa = PBXGroup;
			children = (
				99F1A0232CC5EA7100F6036B /* WeekTrainingView.swift */,
				99F1A0252CC5EA8900F6036B /* WeekTrainingViewModel.swift */,
			);
			path = WeekTrainingView;
			sourceTree = "<group>";
		};
/* End PBXGroup section */

/* Begin PBXNativeTarget section */
		9937B67F2CBD0E7200D665FD /* App939 */ = {
			isa = PBXNativeTarget;
			buildConfigurationList = 9937B68E2CBD0E7500D665FD /* Build configuration list for PBXNativeTarget "App939" */;
			buildPhases = (
				9937B67C2CBD0E7200D665FD /* Sources */,
				9937B67D2CBD0E7200D665FD /* Frameworks */,
				9937B67E2CBD0E7200D665FD /* Resources */,
			);
			buildRules = (
			);
			dependencies = (
			);
			name = App939;
			productName = App939;
			productReference = 9937B6802CBD0E7200D665FD /* App939.app */;
			productType = "com.apple.product-type.application";
		};
/* End PBXNativeTarget section */

/* Begin PBXProject section */
		9937B6782CBD0E7200D665FD /* Project object */ = {
			isa = PBXProject;
			attributes = {
				BuildIndependentTargetsInParallel = 1;
				LastSwiftUpdateCheck = 1540;
				LastUpgradeCheck = 1540;
				TargetAttributes = {
					9937B67F2CBD0E7200D665FD = {
						CreatedOnToolsVersion = 15.4;
					};
				};
			};
			buildConfigurationList = 9937B67B2CBD0E7200D665FD /* Build configuration list for PBXProject "App939" */;
			compatibilityVersion = "Xcode 14.0";
			developmentRegion = en;
			hasScannedForEncodings = 0;
			knownRegions = (
				en,
				Base,
			);
			mainGroup = 9937B6772CBD0E7200D665FD;
			productRefGroup = 9937B6812CBD0E7200D665FD /* Products */;
			projectDirPath = "";
			projectRoot = "";
			targets = (
				9937B67F2CBD0E7200D665FD /* App939 */,
			);
		};
/* End PBXProject section */

/* Begin PBXResourcesBuildPhase section */
		9937B67E2CBD0E7200D665FD /* Resources */ = {
			isa = PBXResourcesBuildPhase;
			buildActionMask = 2147483647;
			files = (
				9937B68B2CBD0E7500D665FD /* Preview Assets.xcassets in Resources */,
				9937B6882CBD0E7500D665FD /* Assets.xcassets in Resources */,
				99F1A0402CC6516800F6036B /* alarmSound.mp3 in Resources */,
			);
			runOnlyForDeploymentPostprocessing = 0;
		};
/* End PBXResourcesBuildPhase section */

/* Begin PBXSourcesBuildPhase section */
		9937B67C2CBD0E7200D665FD /* Sources */ = {
			isa = PBXSourcesBuildPhase;
			buildActionMask = 2147483647;
			files = (
				99F1A03D2CC62F6000F6036B /* TrainingID+CoreDataClass.swift in Sources */,
				99F1A03E2CC62F6000F6036B /* TrainingID+CoreDataProperties.swift in Sources */,
				9937B6B52CBD5DEF00D665FD /* Pony.swift in Sources */,
				9937B6942CBD120500D665FD /* Contr.swift in Sources */,
				9937B6A32CBD32CE00D665FD /* AddTextField.swift in Sources */,
				9937B6B32CBD45B600D665FD /* LS.swift in Sources */,
				9937B6DA2CBFDC6100D665FD /* AddArticleViewModel.swift in Sources */,
				9937B6B82CBD5F9100D665FD /* PonyCD+CoreDataClass.swift in Sources */,
				9937B6E52CC0FAF700D665FD /* TrainingView.swift in Sources */,
				9937B6B92CBD5F9100D665FD /* PonyCD+CoreDataProperties.swift in Sources */,
				9937B69B2CBD24C800D665FD /* Helpers.swift in Sources */,
				9937B6BB2CBD69C500D665FD /* Tab.swift in Sources */,
				99F1A0342CC6217000F6036B /* AlertTF.swift in Sources */,
				9937B6B12CBD45AA00D665FD /* CDS.swift in Sources */,
				9937B6862CBD0E7200D665FD /* ContentView.swift in Sources */,
				99F1A0A72CCA49D000F6036B /* PonyCard.swift in Sources */,
				99F1A0242CC5EA7100F6036B /* WeekTrainingView.swift in Sources */,
				9937B69E2CBD2C9F00D665FD /* HomeViewModel.swift in Sources */,
				9937B6D32CBFBB7500D665FD /* ArticlesViewModel.swift in Sources */,
				9937B6962CBD131600D665FD /* VMF.swift in Sources */,
				9937B6A62CBD3E2B00D665FD /* BasicInfo.swift in Sources */,
				99F1A0392CC6292F00F6036B /* TrainingCD+CoreDataClass.swift in Sources */,
				99F1A03A2CC6292F00F6036B /* TrainingCD+CoreDataProperties.swift in Sources */,
				9937B6D12CBFBB6600D665FD /* ArticlesView.swift in Sources */,
				9937B6C22CBE3CF900D665FD /* AddKartViewModel.swift in Sources */,
				9937B6CA2CBE45E100D665FD /* KartInfoView.swift in Sources */,
				9937B6DE2CC0EED800D665FD /* ArticleDetail.swift in Sources */,
				99F1A0282CC6179600F6036B /* SettingsView.swift in Sources */,
				9937B6922CBD11E900D665FD /* Splash.swift in Sources */,
				9937B6A12CBD2E7F00D665FD /* ImageView.swift in Sources */,
				9937B6BD2CBD956200D665FD /* EnvironmentKeys.swift in Sources */,
				99F1A0362CC6235900F6036B /* CutsomAlert.swift in Sources */,
				9937B6E12CC0F14000D665FD /* ArticleCD+CoreDataClass.swift in Sources */,
				9937B6E22CC0F14000D665FD /* ArticleCD+CoreDataProperties.swift in Sources */,
				9937B6D72CBFCCE000D665FD /* UsefulDetail.swift in Sources */,
				9937B6CC2CBE47E900D665FD /* EditPonyView.swift in Sources */,
				99F1A02D2CC618DA00F6036B /* DailyTrainingTime+CoreDataClass.swift in Sources */,
				99F1A0322CC61A9200F6036B /* ProfilePictureView.swift in Sources */,
				99F1A02E2CC618DA00F6036B /* DailyTrainingTime+CoreDataProperties.swift in Sources */,
				99F1A02F2CC618DA00F6036B /* ProfilePic+CoreDataClass.swift in Sources */,
				99F1A0302CC618DA00F6036B /* ProfilePic+CoreDataProperties.swift in Sources */,
				9937B6C82CBE458E00D665FD /* EmptyPhotoView.swift in Sources */,
				9937B6AA2CBD3E5E00D665FD /* DataM.xcdatamodeld in Sources */,
				9937B6992CBD226300D665FD /* Home.swift in Sources */,
				99F1A0262CC5EA8900F6036B /* WeekTrainingViewModel.swift in Sources */,
				9937B6842CBD0E7200D665FD /* App939App.swift in Sources */,
				9937B6CE2CBE563100D665FD /* PonyDetailView.swift in Sources */,
				9937B6D52CBFBF8600D665FD /* Article.swift in Sources */,
				9937B6DC2CBFDC8E00D665FD /* AddArticleView.swift in Sources */,
				9937B6E82CC0FDE100D665FD /* Training.swift in Sources */,
				9937B6AE2CBD3EA500D665FD /* BasicInfo+CoreDataClass.swift in Sources */,
				9937B6C02CBE3CE500D665FD /* AddKartView.swift in Sources */,
				9937B6C52CBE41D900D665FD /* AddPonyView.swift in Sources */,
				99F1A0AC2CCA4FD700F6036B /* NewPonyName+CoreDataClass.swift in Sources */,
				99F1A0AD2CCA4FD700F6036B /* NewPonyName+CoreDataProperties.swift in Sources */,
				99F1A0AE2CCA4FD700F6036B /* DailyTimeShow+CoreDataClass.swift in Sources */,
				99F1A0AF2CCA4FD700F6036B /* DailyTimeShow+CoreDataProperties.swift in Sources */,
				9937B6AF2CBD3EA500D665FD /* BasicInfo+CoreDataProperties.swift in Sources */,
			);
			runOnlyForDeploymentPostprocessing = 0;
		};
/* End PBXSourcesBuildPhase section */

/* Begin XCBuildConfiguration section */
		9937B68C2CBD0E7500D665FD /* Debug */ = {
			isa = XCBuildConfiguration;
			buildSettings = {
				ALWAYS_SEARCH_USER_PATHS = NO;
				ASSETCATALOG_COMPILER_GENERATE_SWIFT_ASSET_SYMBOL_EXTENSIONS = YES;
				CLANG_ANALYZER_NONNULL = YES;
				CLANG_ANALYZER_NUMBER_OBJECT_CONVERSION = YES_AGGRESSIVE;
				CLANG_CXX_LANGUAGE_STANDARD = "gnu++20";
				CLANG_ENABLE_MODULES = YES;
				CLANG_ENABLE_OBJC_ARC = YES;
				CLANG_ENABLE_OBJC_WEAK = YES;
				CLANG_WARN_BLOCK_CAPTURE_AUTORELEASING = YES;
				CLANG_WARN_BOOL_CONVERSION = YES;
				CLANG_WARN_COMMA = YES;
				CLANG_WARN_CONSTANT_CONVERSION = YES;
				CLANG_WARN_DEPRECATED_OBJC_IMPLEMENTATIONS = YES;
				CLANG_WARN_DIRECT_OBJC_ISA_USAGE = YES_ERROR;
				CLANG_WARN_DOCUMENTATION_COMMENTS = YES;
				CLANG_WARN_EMPTY_BODY = YES;
				CLANG_WARN_ENUM_CONVERSION = YES;
				CLANG_WARN_INFINITE_RECURSION = YES;
				CLANG_WARN_INT_CONVERSION = YES;
				CLANG_WARN_NON_LITERAL_NULL_CONVERSION = YES;
				CLANG_WARN_OBJC_IMPLICIT_RETAIN_SELF = YES;
				CLANG_WARN_OBJC_LITERAL_CONVERSION = YES;
				CLANG_WARN_OBJC_ROOT_CLASS = YES_ERROR;
				CLANG_WARN_QUOTED_INCLUDE_IN_FRAMEWORK_HEADER = YES;
				CLANG_WARN_RANGE_LOOP_ANALYSIS = YES;
				CLANG_WARN_STRICT_PROTOTYPES = YES;
				CLANG_WARN_SUSPICIOUS_MOVE = YES;
				CLANG_WARN_UNGUARDED_AVAILABILITY = YES_AGGRESSIVE;
				CLANG_WARN_UNREACHABLE_CODE = YES;
				CLANG_WARN__DUPLICATE_METHOD_MATCH = YES;
				COPY_PHASE_STRIP = NO;
				DEBUG_INFORMATION_FORMAT = dwarf;
				ENABLE_STRICT_OBJC_MSGSEND = YES;
				ENABLE_TESTABILITY = YES;
				ENABLE_USER_SCRIPT_SANDBOXING = YES;
				GCC_C_LANGUAGE_STANDARD = gnu17;
				GCC_DYNAMIC_NO_PIC = NO;
				GCC_NO_COMMON_BLOCKS = YES;
				GCC_OPTIMIZATION_LEVEL = 0;
				GCC_PREPROCESSOR_DEFINITIONS = (
					"DEBUG=1",
					"$(inherited)",
				);
				GCC_WARN_64_TO_32_BIT_CONVERSION = YES;
				GCC_WARN_ABOUT_RETURN_TYPE = YES_ERROR;
				GCC_WARN_UNDECLARED_SELECTOR = YES;
				GCC_WARN_UNINITIALIZED_AUTOS = YES_AGGRESSIVE;
				GCC_WARN_UNUSED_FUNCTION = YES;
				GCC_WARN_UNUSED_VARIABLE = YES;
				IPHONEOS_DEPLOYMENT_TARGET = 14;
				LOCALIZATION_PREFERS_STRING_CATALOGS = YES;
				MTL_ENABLE_DEBUG_INFO = INCLUDE_SOURCE;
				MTL_FAST_MATH = YES;
				ONLY_ACTIVE_ARCH = YES;
				SDKROOT = iphoneos;
				SWIFT_ACTIVE_COMPILATION_CONDITIONS = "DEBUG $(inherited)";
				SWIFT_OPTIMIZATION_LEVEL = "-Onone";
			};
			name = Debug;
		};
		9937B68D2CBD0E7500D665FD /* Release */ = {
			isa = XCBuildConfiguration;
			buildSettings = {
				ALWAYS_SEARCH_USER_PATHS = NO;
				ASSETCATALOG_COMPILER_GENERATE_SWIFT_ASSET_SYMBOL_EXTENSIONS = YES;
				CLANG_ANALYZER_NONNULL = YES;
				CLANG_ANALYZER_NUMBER_OBJECT_CONVERSION = YES_AGGRESSIVE;
				CLANG_CXX_LANGUAGE_STANDARD = "gnu++20";
				CLANG_ENABLE_MODULES = YES;
				CLANG_ENABLE_OBJC_ARC = YES;
				CLANG_ENABLE_OBJC_WEAK = YES;
				CLANG_WARN_BLOCK_CAPTURE_AUTORELEASING = YES;
				CLANG_WARN_BOOL_CONVERSION = YES;
				CLANG_WARN_COMMA = YES;
				CLANG_WARN_CONSTANT_CONVERSION = YES;
				CLANG_WARN_DEPRECATED_OBJC_IMPLEMENTATIONS = YES;
				CLANG_WARN_DIRECT_OBJC_ISA_USAGE = YES_ERROR;
				CLANG_WARN_DOCUMENTATION_COMMENTS = YES;
				CLANG_WARN_EMPTY_BODY = YES;
				CLANG_WARN_ENUM_CONVERSION = YES;
				CLANG_WARN_INFINITE_RECURSION = YES;
				CLANG_WARN_INT_CONVERSION = YES;
				CLANG_WARN_NON_LITERAL_NULL_CONVERSION = YES;
				CLANG_WARN_OBJC_IMPLICIT_RETAIN_SELF = YES;
				CLANG_WARN_OBJC_LITERAL_CONVERSION = YES;
				CLANG_WARN_OBJC_ROOT_CLASS = YES_ERROR;
				CLANG_WARN_QUOTED_INCLUDE_IN_FRAMEWORK_HEADER = YES;
				CLANG_WARN_RANGE_LOOP_ANALYSIS = YES;
				CLANG_WARN_STRICT_PROTOTYPES = YES;
				CLANG_WARN_SUSPICIOUS_MOVE = YES;
				CLANG_WARN_UNGUARDED_AVAILABILITY = YES_AGGRESSIVE;
				CLANG_WARN_UNREACHABLE_CODE = YES;
				CLANG_WARN__DUPLICATE_METHOD_MATCH = YES;
				COPY_PHASE_STRIP = NO;
				DEBUG_INFORMATION_FORMAT = "dwarf-with-dsym";
				ENABLE_NS_ASSERTIONS = NO;
				ENABLE_STRICT_OBJC_MSGSEND = YES;
				ENABLE_USER_SCRIPT_SANDBOXING = YES;
				GCC_C_LANGUAGE_STANDARD = gnu17;
				GCC_NO_COMMON_BLOCKS = YES;
				GCC_WARN_64_TO_32_BIT_CONVERSION = YES;
				GCC_WARN_ABOUT_RETURN_TYPE = YES_ERROR;
				GCC_WARN_UNDECLARED_SELECTOR = YES;
				GCC_WARN_UNINITIALIZED_AUTOS = YES_AGGRESSIVE;
				GCC_WARN_UNUSED_FUNCTION = YES;
				GCC_WARN_UNUSED_VARIABLE = YES;
				IPHONEOS_DEPLOYMENT_TARGET = 14;
				LOCALIZATION_PREFERS_STRING_CATALOGS = YES;
				MTL_ENABLE_DEBUG_INFO = NO;
				MTL_FAST_MATH = YES;
				SDKROOT = iphoneos;
				SWIFT_COMPILATION_MODE = wholemodule;
				VALIDATE_PRODUCT = YES;
			};
			name = Release;
		};
		9937B68F2CBD0E7500D665FD /* Debug */ = {
			isa = XCBuildConfiguration;
			buildSettings = {
				ASSETCATALOG_COMPILER_APPICON_NAME = AppIcon;
				ASSETCATALOG_COMPILER_GLOBAL_ACCENT_COLOR_NAME = AccentColor;
				CODE_SIGN_STYLE = Automatic;
				CURRENT_PROJECT_VERSION = 1;
				DEVELOPMENT_ASSET_PATHS = "\"App939/Preview Content\"";
				ENABLE_PREVIEWS = YES;
				GENERATE_INFOPLIST_FILE = YES;
				INFOPLIST_KEY_CFBundleDisplayName = "Bari Match: Tracker";
				INFOPLIST_KEY_UIApplicationSceneManifest_Generation = YES;
				INFOPLIST_KEY_UIApplicationSupportsIndirectInputEvents = YES;
				INFOPLIST_KEY_UILaunchScreen_Generation = YES;
				INFOPLIST_KEY_UISupportedInterfaceOrientations = "UIInterfaceOrientationLandscapeLeft UIInterfaceOrientationLandscapeRight UIInterfaceOrientationPortrait";
				INFOPLIST_KEY_UISupportedInterfaceOrientations_iPad = "UIInterfaceOrientationLandscapeLeft UIInterfaceOrientationLandscapeRight UIInterfaceOrientationPortrait UIInterfaceOrientationPortraitUpsideDown";
				IPHONEOS_DEPLOYMENT_TARGET = 14;
				LD_RUNPATH_SEARCH_PATHS = (
					"$(inherited)",
					"@executable_path/Frameworks",
				);
				MARKETING_VERSION = 1.1;
				PRODUCT_BUNDLE_IDENTIFIER = com.ale.b4r1m4tch;
				PRODUCT_NAME = "$(TARGET_NAME)";
				SUPPORTED_PLATFORMS = "iphoneos iphonesimulator";
				SUPPORTS_MACCATALYST = NO;
				SUPPORTS_MAC_DESIGNED_FOR_IPHONE_IPAD = NO;
				SUPPORTS_XR_DESIGNED_FOR_IPHONE_IPAD = NO;
				SWIFT_EMIT_LOC_STRINGS = YES;
				SWIFT_VERSION = 5.0;
				TARGETED_DEVICE_FAMILY = 1;
			};
			name = Debug;
		};
		9937B6902CBD0E7500D665FD /* Release */ = {
			isa = XCBuildConfiguration;
			buildSettings = {
				ASSETCATALOG_COMPILER_APPICON_NAME = AppIcon;
				ASSETCATALOG_COMPILER_GLOBAL_ACCENT_COLOR_NAME = AccentColor;
				CODE_SIGN_STYLE = Automatic;
				CURRENT_PROJECT_VERSION = 1;
				DEVELOPMENT_ASSET_PATHS = "\"App939/Preview Content\"";
				ENABLE_PREVIEWS = YES;
				GENERATE_INFOPLIST_FILE = YES;
				INFOPLIST_KEY_CFBundleDisplayName = "Bari Match: Tracker";
				INFOPLIST_KEY_UIApplicationSceneManifest_Generation = YES;
				INFOPLIST_KEY_UIApplicationSupportsIndirectInputEvents = YES;
				INFOPLIST_KEY_UILaunchScreen_Generation = YES;
				INFOPLIST_KEY_UISupportedInterfaceOrientations = "UIInterfaceOrientationLandscapeLeft UIInterfaceOrientationLandscapeRight UIInterfaceOrientationPortrait";
				INFOPLIST_KEY_UISupportedInterfaceOrientations_iPad = "UIInterfaceOrientationLandscapeLeft UIInterfaceOrientationLandscapeRight UIInterfaceOrientationPortrait UIInterfaceOrientationPortraitUpsideDown";
				IPHONEOS_DEPLOYMENT_TARGET = 14;
				LD_RUNPATH_SEARCH_PATHS = (
					"$(inherited)",
					"@executable_path/Frameworks",
				);
				MARKETING_VERSION = 1.1;
				PRODUCT_BUNDLE_IDENTIFIER = com.ale.b4r1m4tch;
				PRODUCT_NAME = "$(TARGET_NAME)";
				SUPPORTED_PLATFORMS = "iphoneos iphonesimulator";
				SUPPORTS_MACCATALYST = NO;
				SUPPORTS_MAC_DESIGNED_FOR_IPHONE_IPAD = NO;
				SUPPORTS_XR_DESIGNED_FOR_IPHONE_IPAD = NO;
				SWIFT_EMIT_LOC_STRINGS = YES;
				SWIFT_VERSION = 5.0;
				TARGETED_DEVICE_FAMILY = 1;
			};
			name = Release;
		};
/* End XCBuildConfiguration section */

/* Begin XCConfigurationList section */
		9937B67B2CBD0E7200D665FD /* Build configuration list for PBXProject "App939" */ = {
			isa = XCConfigurationList;
			buildConfigurations = (
				9937B68C2CBD0E7500D665FD /* Debug */,
				9937B68D2CBD0E7500D665FD /* Release */,
			);
			defaultConfigurationIsVisible = 0;
			defaultConfigurationName = Release;
		};
		9937B68E2CBD0E7500D665FD /* Build configuration list for PBXNativeTarget "App939" */ = {
			isa = XCConfigurationList;
			buildConfigurations = (
				9937B68F2CBD0E7500D665FD /* Debug */,
				9937B6902CBD0E7500D665FD /* Release */,
			);
			defaultConfigurationIsVisible = 0;
			defaultConfigurationName = Release;
		};
/* End XCConfigurationList section */

/* Begin XCVersionGroup section */
		9937B6A82CBD3E5E00D665FD /* DataM.xcdatamodeld */ = {
			isa = XCVersionGroup;
			children = (
				9937B6A92CBD3E5E00D665FD /* DataM.xcdatamodel */,
			);
			currentVersion = 9937B6A92CBD3E5E00D665FD /* DataM.xcdatamodel */;
			path = DataM.xcdatamodeld;
			sourceTree = "<group>";
			versionGroupType = wrapper.xcdatamodel;
		};
/* End XCVersionGroup section */
	};
	rootObject = 9937B6782CBD0E7200D665FD /* Project object */;
}
